{
  "nodes": {
    "emacs": {
      "flake": false,
      "locked": {
        "lastModified": 1617874231,
        "narHash": "sha256-7ZtKxYEJjXD2zi2t7JPP+TmAO10ZfzvG9XemkFy2uqk=",
        "owner": "flatwhatson",
        "repo": "emacs",
        "rev": "1000227d38b4f139f1e393e6bfb613829fcc92d0",
        "type": "github"
      },
      "original": {
        "owner": "flatwhatson",
        "ref": "pgtk-nativecomp",
        "repo": "emacs",
        "type": "github"
      }
    },
    "emacs-overlay": {
      "locked": {
        "lastModified": 1618077757,
        "narHash": "sha256-117/IcsuzKkgA+duqYUNHQ3T3h2T97Xl5Q4+zHE/EsM=",
        "ref": "master",
        "rev": "ef0447c0edd403e798816b91f197ce59b5ab8de6",
        "revCount": 4941,
        "type": "git",
        "url": "https://github.com/nix-community/emacs-overlay"
      },
      "original": {
        "type": "git",
        "url": "https://github.com/nix-community/emacs-overlay"
      }
    },
    "fenix": {
      "inputs": {
        "naersk": "naersk",
        "nixpkgs": [
          "nixpkgs-unstable"
        ],
        "rust-analyzer-src": "rust-analyzer-src"
      },
      "locked": {
        "lastModified": 1618022249,
        "narHash": "sha256-551q39hhX6/MQ6xCHOdQFT1/ZRYRrwLsIc8HdBwxT/U=",
        "owner": "nix-community",
        "repo": "fenix",
        "rev": "8a3ef3f61b626feccca68935621e4c83e4e8031f",
        "type": "github"
      },
      "original": {
        "owner": "nix-community",
        "repo": "fenix",
        "type": "github"
      }
    },
    "home-manager": {
      "inputs": {
        "nixpkgs": [
          "nixpkgs-unstable"
        ]
      },
      "locked": {
        "lastModified": 1612902587,
        "narHash": "sha256-VZ7Z1OMFf5ReObu3CCVBsC2DWloTYDjqW1onUKejVrE=",
        "owner": "nix-community",
        "repo": "home-manager",
        "rev": "209566c752c4428c7692c134731971193f06b37c",
        "type": "github"
      },
      "original": {
        "owner": "nix-community",
        "ref": "release-20.09",
        "repo": "home-manager",
        "type": "github"
      }
    },
    "naersk": {
      "inputs": {
        "nixpkgs": [
          "nixpkgs"
        ]
      },
      "locked": {
        "lastModified": 1614785451,
        "narHash": "sha256-TPw8kQvr2UNCuvndtY+EjyXp6Q5GEW2l9UafXXh1XmI=",
        "owner": "nmattia",
        "repo": "naersk",
        "rev": "e0fe990b478a66178a58c69cf53daec0478ca6f9",
        "type": "github"
      },
      "original": {
        "owner": "nmattia",
        "repo": "naersk",
        "type": "github"
      }
    },
    "nixng": {
      "inputs": {
        "nixpkgs": [
          "nixpkgs-unstable"
        ]
      },
      "locked": {
        "lastModified": 1617920106,
        "narHash": "sha256-Q42x56jAQZdoa2XhyBXZsOPP0vKs6T5O61O+WDAu7I0=",
        "ref": "master",
        "rev": "6236d9e963a18a795ddceb45c8ec6ed5447e33fa",
        "revCount": 32,
        "type": "git",
        "url": "https://gitea.redalder.org/Magic_RB/NixNG"
      },
      "original": {
        "type": "git",
        "url": "https://gitea.redalder.org/Magic_RB/NixNG"
      }
    },
    "nixpkgs": {
      "locked": {
        "lastModified": 1617271991,
        "narHash": "sha256-VdzjIQaT1FtycNid0iPSVr44Jrstoox6QRLrwCY1uG0=",
        "owner": "NixOS",
        "repo": "nixpkgs",
        "rev": "da7f4c4842520167f65c20ad75ecdbd14e27ae91",
        "type": "github"
      },
      "original": {
        "owner": "NixOS",
        "ref": "nixos-20.09",
        "repo": "nixpkgs",
        "type": "github"
      }
    },
    "nixpkgs-master": {
      "locked": {
        "lastModified": 1617310820,
        "narHash": "sha256-zys0AaeYFXQ4g1Q1yjMvEH2rG3XMZM36YiStR75HhqY=",
        "owner": "NixOS",
        "repo": "nixpkgs",
        "rev": "11ac9ab827fd48e142e0db32193a688627fbbaa6",
        "type": "github"
      },
      "original": {
        "owner": "NixOS",
        "ref": "master",
        "repo": "nixpkgs",
        "type": "github"
      }
    },
    "nixpkgs-unstable": {
      "locked": {
        "lastModified": 1617082367,
        "narHash": "sha256-W0cQPGjc4IVzryaGycuoS8KZkXafS1P23w/fcKLoD5Y=",
        "owner": "NixOS",
        "repo": "nixpkgs",
        "rev": "04a2b269d8921505a2969fc9ec25c1f517f2b307",
        "type": "github"
      },
      "original": {
        "owner": "NixOS",
        "ref": "nixos-unstable",
        "repo": "nixpkgs",
        "type": "github"
      }
    },
    "root": {
      "inputs": {
        "emacs": "emacs",
        "emacs-overlay": "emacs-overlay",
        "fenix": "fenix",
        "home-manager": "home-manager",
        "nixng": "nixng",
        "nixpkgs": "nixpkgs",
        "nixpkgs-master": "nixpkgs-master",
        "nixpkgs-unstable": "nixpkgs-unstable",
        "sss-cli": "sss-cli",
        "vtermModule": "vtermModule"
      }
    },
    "rust-analyzer-src": {
      "flake": false,
      "locked": {
        "lastModified": 1618001561,
        "narHash": "sha256-+nBH5imNoD9W3hWkIwVffVeftiY/9vts0++/0i80zgk=",
        "owner": "rust-analyzer",
        "repo": "rust-analyzer",
        "rev": "00cdbceb9d7afdabc82788a88df88c6eb1035839",
        "type": "github"
      },
      "original": {
        "owner": "rust-analyzer",
        "ref": "nightly",
        "repo": "rust-analyzer",
        "type": "github"
      }
    },
    "sss-cli": {
      "flake": false,
      "locked": {
        "lastModified": 1588066586,
        "narHash": "sha256-fOQoEcrLOzsJ+x0qD25kv+JUxT7d/wsLKoDIm1KXDuE=",
        "owner": "dsprenkels",
        "repo": "sss-cli",
        "rev": "cfca1abb155a11f1b273b9a0ca4dc3b17882f3a0",
        "type": "github"
      },
      "original": {
        "owner": "dsprenkels",
        "repo": "sss-cli",
        "type": "github"
      }
    },
    "vtermModule": {
      "flake": false,
      "locked": {
        "lastModified": 1616770729,
        "narHash": "sha256-aKhtv1XK/GFzK88R+ukNG7yPCfcU0IsoLYuN5eLJbVM=",
        "ref": "master",
        "rev": "1bc4516f53955dcbf397cf999f38e67eec835d8c",
        "revCount": 606,
        "type": "git",
        "url": "https://github.com/akermu/emacs-libvterm"
      },
      "original": {
        "type": "git",
        "url": "https://github.com/akermu/emacs-libvterm"
      }
    }
  },
  "root": "root",
  "version": 7
}
