{
  "nodes": {
    "bootloadHID": {
      "flake": false,
      "locked": {
        "lastModified": 1393653083,
        "narHash": "sha256-JPcnPwgSFJE88YDGNTq6OsUjZjKx561pfnjxvyp2+1M=",
        "owner": "whiteneon",
        "repo": "bootloadHID",
        "rev": "42c6f246b79949892268d2212e0347f27e01bd53",
        "type": "github"
      },
      "original": {
        "owner": "whiteneon",
        "repo": "bootloadHID",
        "type": "github"
      }
    },
    "deploy-rs": {
      "inputs": {
        "flake-compat": "flake-compat",
        "nixpkgs": [
          "nixpkgs-unstable"
        ],
        "utils": "utils"
      },
      "locked": {
        "lastModified": 1648475189,
        "narHash": "sha256-gAGAS6IagwoUr1B0ohE3iR6sZ8hP4LSqzYLC8Mq3WGU=",
        "owner": "serokell",
        "repo": "deploy-rs",
        "rev": "83e0c78291cd08cb827ba0d553ad9158ae5a95c3",
        "type": "github"
      },
      "original": {
        "owner": "serokell",
        "repo": "deploy-rs",
        "type": "github"
      }
    },
    "dwarffs": {
      "inputs": {
        "nix": [
          "nix"
        ],
        "nixpkgs": [
          "nixpkgs-unstable"
        ]
      },
      "locked": {
        "lastModified": 1646560263,
        "narHash": "sha256-VYJFoEigK0DASnBiYUhQBe0c0O4mlcoGBlYN8qs2TOo=",
        "owner": "edolstra",
        "repo": "dwarffs",
        "rev": "e768ce3239156de05f7ff3210d86a80762730f30",
        "type": "github"
      },
      "original": {
        "owner": "edolstra",
        "repo": "dwarffs",
        "type": "github"
      }
    },
    "emacs": {
      "flake": false,
      "locked": {
        "lastModified": 1650006558,
        "narHash": "sha256-EstCPXqGMMAo1gegtB4Q/QYBiMGWtucKJ5qPraZwFTs=",
        "owner": "emacs-mirror",
        "repo": "emacs",
        "rev": "4d2aa420bd09ac5109a4c13bd163386ea276297e",
        "type": "github"
      },
      "original": {
        "owner": "emacs-mirror",
        "repo": "emacs",
        "type": "github"
      }
    },
    "emacs-overlay": {
      "locked": {
        "lastModified": 1649992817,
        "narHash": "sha256-ftWnBHg/lZ++3oSZlxaqKvkmnBjeFffy+DirQ0vl1ZA=",
        "owner": "nix-community",
        "repo": "emacs-overlay",
        "rev": "a71784bab52f5cd7875140284d469ba8dd938b7c",
        "type": "github"
      },
      "original": {
        "owner": "nix-community",
        "repo": "emacs-overlay",
        "type": "github"
      }
    },
    "flake-compat": {
      "flake": false,
      "locked": {
        "lastModified": 1648199409,
        "narHash": "sha256-JwPKdC2PoVBkG6E+eWw3j6BMR6sL3COpYWfif7RVb8Y=",
        "owner": "edolstra",
        "repo": "flake-compat",
        "rev": "64a525ee38886ab9028e6f61790de0832aa3ef03",
        "type": "github"
      },
      "original": {
        "owner": "edolstra",
        "repo": "flake-compat",
        "type": "github"
      }
    },
    "flake-utils": {
      "locked": {
        "lastModified": 1649676176,
        "narHash": "sha256-OWKJratjt2RW151VUlJPRALb7OU2S5s+f0vLj4o1bHM=",
        "owner": "numtide",
        "repo": "flake-utils",
        "rev": "a4b154ebbdc88c8498a5c7b01589addc9e9cb678",
        "type": "github"
      },
      "original": {
        "owner": "numtide",
        "repo": "flake-utils",
        "type": "github"
      }
    },
    "hidapitester": {
      "flake": false,
      "locked": {
        "lastModified": 1646436950,
        "narHash": "sha256-2KbNfvFStLz3eO1KKzndVmy3PiW9wjvXmY2X3ywHLJQ=",
        "owner": "todbot",
        "repo": "hidapitester",
        "rev": "601c50c908515a25743558ae788129ea3b9bed16",
        "type": "github"
      },
      "original": {
        "owner": "todbot",
        "repo": "hidapitester",
        "type": "github"
      }
    },
    "home-manager": {
      "inputs": {
        "nixpkgs": [
          "nixpkgs-unstable"
        ]
      },
      "locked": {
        "lastModified": 1649984295,
        "narHash": "sha256-55dgKGs7W8eC3s9GYewll9y4IlP/KAlSinjQwshNpxM=",
        "owner": "nix-community",
        "repo": "home-manager",
        "rev": "d49d68f4196d32c5039cb9e91d730cee894f6f14",
        "type": "github"
      },
      "original": {
        "owner": "nix-community",
        "ref": "master",
        "repo": "home-manager",
        "type": "github"
      }
    },
    "lowdown-src": {
      "flake": false,
      "locked": {
        "lastModified": 1633514407,
        "narHash": "sha256-Dw32tiMjdK9t3ETl5fzGrutQTzh2rufgZV4A/BbxuD4=",
        "owner": "kristapsdz",
        "repo": "lowdown",
        "rev": "d2c2b44ff6c27b936ec27358a2653caaef8f73b8",
        "type": "github"
      },
      "original": {
        "owner": "kristapsdz",
        "repo": "lowdown",
        "type": "github"
      }
    },
    "nix": {
      "inputs": {
        "lowdown-src": "lowdown-src",
        "nixpkgs": [
          "nixpkgs-unstable"
        ],
        "nixpkgs-regression": "nixpkgs-regression"
      },
      "locked": {
        "lastModified": 1649940927,
        "narHash": "sha256-OpTA66dYzhDh8ygwYz3jVrkaC/tMKyXtrHEMNi5XVBM=",
        "owner": "NixOS",
        "repo": "nix",
        "rev": "d6effddd3b9657988d1e86e1258c33de6ae4af2b",
        "type": "github"
      },
      "original": {
        "owner": "NixOS",
        "repo": "nix",
        "type": "github"
      }
    },
    "nix-gaming": {
      "inputs": {
        "nixpkgs": [
          "nixpkgs-unstable"
        ]
      },
      "locked": {
        "lastModified": 1649885125,
        "narHash": "sha256-6LQE506+5sVqJUasD101I6yOV2icKVK3+D0qvInfCZ0=",
        "owner": "fufexan",
        "repo": "nix-gaming",
        "rev": "45b7f54d05790c14930e7e922b56a24381626acb",
        "type": "github"
      },
      "original": {
        "owner": "fufexan",
        "repo": "nix-gaming",
        "type": "github"
      }
    },
    "nixng": {
      "inputs": {
        "nixpkgs": [
          "nixpkgs-unstable"
        ]
      },
      "locked": {
        "lastModified": 1641337254,
        "narHash": "sha256-h4zTaiqFOlWNGVhBdQc3AqYqcOQ1GjCKn7wY6KbZkuk=",
        "owner": "MagicRB",
        "repo": "NixNG",
        "rev": "5126892070a00a183cdaeae0d313e99d87a3b399",
        "type": "github"
      },
      "original": {
        "owner": "MagicRB",
        "repo": "NixNG",
        "type": "github"
      }
    },
    "nixpkgs": {
      "locked": {
        "lastModified": 1649883785,
        "narHash": "sha256-GhwcnCKisE5CKPU7YzTD1bwgTNmyokjl71ENIVAcnR8=",
        "owner": "NixOS",
        "repo": "nixpkgs",
        "rev": "a62ce97f92b8b197ab6f278132535c1abf713ba0",
        "type": "github"
      },
      "original": {
        "owner": "NixOS",
        "ref": "nixos-21.11",
        "repo": "nixpkgs",
        "type": "github"
      }
    },
    "nixpkgs-master": {
      "locked": {
        "lastModified": 1650009088,
        "narHash": "sha256-JvmZNbPWyyMJlQuILDfJoES1XsOOPiRX+o7wS1rPXgM=",
        "owner": "NixOS",
        "repo": "nixpkgs",
        "rev": "e8996276356e7e5815711c7f48eee4419af134dc",
        "type": "github"
      },
      "original": {
        "owner": "NixOS",
        "ref": "master",
        "repo": "nixpkgs",
        "type": "github"
      }
    },
    "nixpkgs-regression": {
      "locked": {
        "lastModified": 1643052045,
        "narHash": "sha256-uGJ0VXIhWKGXxkeNnq4TvV3CIOkUJ3PAoLZ3HMzNVMw=",
        "owner": "NixOS",
        "repo": "nixpkgs",
        "rev": "215d4d0fd80ca5163643b03a33fde804a29cc1e2",
        "type": "github"
      },
      "original": {
        "id": "nixpkgs",
        "rev": "215d4d0fd80ca5163643b03a33fde804a29cc1e2",
        "type": "indirect"
      }
    },
    "nixpkgs-unstable": {
      "locked": {
        "lastModified": 1649809588,
        "narHash": "sha256-f6sgDj9A8FXTVyA2zkxA66YX+j6BftxE9VHTeIMhEKE=",
        "owner": "NixOS",
        "repo": "nixpkgs",
        "rev": "ff9efb0724de5ae0f9db9df2debefced7eb1571d",
        "type": "github"
      },
      "original": {
        "owner": "NixOS",
        "ref": "nixos-unstable",
        "repo": "nixpkgs",
        "type": "github"
      }
    },
    "poetry2nix": {
      "inputs": {
        "flake-utils": "flake-utils",
        "nixpkgs": [
          "nixpkgs-unstable"
        ]
      },
      "locked": {
        "lastModified": 1649924000,
        "narHash": "sha256-mqsCUn0MoVKrVgvEid8SYv30KnPBZeXz9TtB30quc0c=",
        "owner": "nix-community",
        "repo": "poetry2nix",
        "rev": "b39ae43cf62c29b007194485378fe75b7d350c46",
        "type": "github"
      },
      "original": {
        "owner": "nix-community",
        "repo": "poetry2nix",
        "type": "github"
      }
    },
    "qmk": {
      "flake": false,
      "locked": {
        "lastModified": 1649960612,
        "narHash": "sha256-e0OHdisnUK/5DMhb9Gt/mK0SWwdHQsXot27Hi92cmF0=",
        "ref": "master",
        "rev": "8de4065b099a99bcffe436a038616b0c31ade7c3",
        "revCount": 20321,
        "type": "git",
        "url": "https://github.com/qmk/qmk_firmware?ref=0.16.5"
      },
      "original": {
        "type": "git",
        "url": "https://github.com/qmk/qmk_firmware?ref=0.16.5"
      }
    },
    "root": {
      "inputs": {
        "bootloadHID": "bootloadHID",
        "deploy-rs": "deploy-rs",
        "dwarffs": "dwarffs",
        "emacs": "emacs",
        "emacs-overlay": "emacs-overlay",
        "hidapitester": "hidapitester",
        "home-manager": "home-manager",
        "nix": "nix",
        "nix-gaming": "nix-gaming",
        "nixng": "nixng",
        "nixpkgs": "nixpkgs",
        "nixpkgs-master": "nixpkgs-master",
        "nixpkgs-unstable": "nixpkgs-unstable",
        "poetry2nix": "poetry2nix",
        "qmk": "qmk",
        "secret": "secret",
        "vtermModule": "vtermModule",
        "yusdacra-dotfiles": "yusdacra-dotfiles"
      }
    },
    "secret": {
      "flake": false,
      "locked": {
        "narHash": "sha256-JXKRWt1mW287h0AUpA0CtudutXK5kCLufG/RrIwJxUo=",
        "path": "/home/main/dotfiles/secret",
        "type": "path"
      },
      "original": {
        "path": "/home/main/dotfiles/secret",
        "type": "path"
      }
    },
    "utils": {
      "locked": {
        "lastModified": 1648297722,
        "narHash": "sha256-W+qlPsiZd8F3XkzXOzAoR+mpFqzm3ekQkJNa+PIh1BQ=",
        "owner": "numtide",
        "repo": "flake-utils",
        "rev": "0f8662f1319ad6abf89b3380dd2722369fc51ade",
        "type": "github"
      },
      "original": {
        "owner": "numtide",
        "repo": "flake-utils",
        "type": "github"
      }
    },
    "vtermModule": {
      "flake": false,
      "locked": {
        "lastModified": 1649763621,
        "narHash": "sha256-GnJMGhucSOZ6o/O+Dz23y3o4RCjxCrTXLd3m8vnI6SM=",
        "owner": "akermu",
        "repo": "emacs-libvterm",
        "rev": "a2f2286c40725244257f46d3a27a730e73f9f596",
        "type": "github"
      },
      "original": {
        "owner": "akermu",
        "repo": "emacs-libvterm",
        "type": "github"
      }
    },
    "yusdacra-dotfiles": {
      "flake": false,
      "locked": {
        "lastModified": 1649704506,
        "narHash": "sha256-tmUZoxXnyskmuJ3Efa2Un+IsF+esZnb15ILT5go02Sg=",
        "owner": "yusdacra",
        "repo": "nixos-config",
        "rev": "71d4efd6162b6e600ad55a90a329eee57e010df7",
        "type": "github"
      },
      "original": {
        "owner": "yusdacra",
        "repo": "nixos-config",
        "type": "github"
      }
    }
  },
  "root": "root",
  "version": 7
}
