{
  "nodes": {
    "deploy-rs": {
      "inputs": {
        "flake-compat": "flake-compat",
        "naersk": "naersk",
        "nixpkgs": "nixpkgs",
        "utils": "utils"
      },
      "locked": {
        "lastModified": 1625729093,
        "narHash": "sha256-hpo8T7mlVEpHpZIYqhxqt5i/XY8eu4p66MrAg/MCuVY=",
        "path": "/nix/store/dwmicyfrwakk1qnyfd1kmmp4yx0lsych-source",
        "rev": "587cbcfe8d3ea05c5bb153764d3617012ef28c86",
        "type": "path"
      },
      "original": {
        "id": "deploy-rs",
        "type": "indirect"
      }
    },
    "easy-hls-nix": {
      "inputs": {
        "nixpkgs": [
          "nixpkgs-unstable"
        ]
      },
      "locked": {
        "lastModified": 1623686203,
        "narHash": "sha256-33cphoKJK0GB7M7iTYwuBoXW7q6JFBo/dkLsRsYb+Os=",
        "owner": "jkachmar",
        "repo": "easy-hls-nix",
        "rev": "9d64543a015563942c954b89addc1108800ed134",
        "type": "github"
      },
      "original": {
        "owner": "jkachmar",
        "repo": "easy-hls-nix",
        "type": "github"
      }
    },
    "emacs": {
      "flake": false,
      "locked": {
        "lastModified": 1627259478,
        "narHash": "sha256-2V04HHoy8wfVGBDGWYs2wDb2nmKYRUU/Nn5LwkSV+F0=",
        "owner": "flatwhatson",
        "repo": "emacs",
        "rev": "765a9f9983be8bcbba1f8da8be214f6df3a30ba2",
        "type": "github"
      },
      "original": {
        "owner": "flatwhatson",
        "ref": "pgtk-nativecomp",
        "repo": "emacs",
        "type": "github"
      }
    },
    "emacs-overlay": {
      "locked": {
        "lastModified": 1627722624,
        "narHash": "sha256-LtCf2ZXYfDh7DHvhqRJlJtfRojQv8Wl+Jpt7T5b5C7M=",
        "ref": "master",
        "rev": "9253bb4fb146035e9c3c091fdf5a4f929592fc76",
        "revCount": 5498,
        "type": "git",
        "url": "https://github.com/nix-community/emacs-overlay"
      },
      "original": {
        "type": "git",
        "url": "https://github.com/nix-community/emacs-overlay"
      }
    },
    "fenix": {
      "inputs": {
        "nixpkgs": [
          "nixpkgs-unstable"
        ],
        "rust-analyzer-src": "rust-analyzer-src"
      },
      "locked": {
        "lastModified": 1627698418,
        "narHash": "sha256-ogDbdXA2wQv+oPhdMQ/z/mrHARLAW6mXRzBs8/GRd0o=",
        "owner": "nix-community",
        "repo": "fenix",
        "rev": "563db946eb49f9ab1fa298e6c89fa65fdfebc058",
        "type": "github"
      },
      "original": {
        "owner": "nix-community",
        "repo": "fenix",
        "type": "github"
      }
    },
    "flake-compat": {
      "flake": false,
      "locked": {
        "lastModified": 1606424373,
        "narHash": "sha256-oq8d4//CJOrVj+EcOaSXvMebvuTkmBJuT5tzlfewUnQ=",
        "owner": "edolstra",
        "repo": "flake-compat",
        "rev": "99f1c2157fba4bfe6211a321fd0ee43199025dbf",
        "type": "github"
      },
      "original": {
        "owner": "edolstra",
        "repo": "flake-compat",
        "type": "github"
      }
    },
    "home-manager": {
      "inputs": {
        "nixpkgs": [
          "nixpkgs-unstable"
        ]
      },
      "locked": {
        "lastModified": 1627649712,
        "narHash": "sha256-AJBasvMKpsyJmCLdjroBElCHY5AlalbVy+XY5vjbgXc=",
        "owner": "nix-community",
        "repo": "home-manager",
        "rev": "b39647e52ed3c0b989e9d5c965e598ae4c38d7ef",
        "type": "github"
      },
      "original": {
        "owner": "nix-community",
        "ref": "release-21.05",
        "repo": "home-manager",
        "type": "github"
      }
    },
    "naersk": {
      "inputs": {
        "nixpkgs": [
          "nixpkgs"
        ]
      },
      "locked": {
        "lastModified": 1622810282,
        "narHash": "sha256-4wmvM3/xfD0hCdNDIXVzRMfL4yB1J+DjH6Zte2xbAxk=",
        "owner": "nmattia",
        "repo": "naersk",
        "rev": "e8061169e1495871b56be97c5c51d310fae01374",
        "type": "github"
      },
      "original": {
        "owner": "nmattia",
        "ref": "master",
        "repo": "naersk",
        "type": "github"
      }
    },
    "nixng": {
      "inputs": {
        "nixpkgs": [
          "nixpkgs-unstable"
        ]
      },
      "locked": {
        "lastModified": 1627402629,
        "narHash": "sha256-siKI2sn7rQy8FMNfDS98rUdSD7qfhXHLzWYBL3bIaLE=",
        "owner": "MagicRB",
        "repo": "NixNG",
        "rev": "02a97181eae2deca6141da7377f9c13609a73530",
        "type": "github"
      },
      "original": {
        "owner": "MagicRB",
        "repo": "NixNG",
        "type": "github"
      }
    },
    "nixpkgs": {
      "locked": {
        "lastModified": 1627533199,
        "narHash": "sha256-NyIUcNevwtsMBINn56jnDF8wz3TV1AFxw+Vw6JMnkyE=",
        "owner": "NixOS",
        "repo": "nixpkgs",
        "rev": "dd98b100651cfbb8804f32d852f75ef7c97a6b74",
        "type": "github"
      },
      "original": {
        "owner": "NixOS",
        "ref": "nixpkgs-unstable",
        "repo": "nixpkgs",
        "type": "github"
      }
    },
    "nixpkgs-master": {
      "locked": {
        "lastModified": 1627721489,
        "narHash": "sha256-Ske4ZNlI1UOjPI/eDrLP4t3xlM6RQZv39yzc0N8rgdE=",
        "owner": "NixOS",
        "repo": "nixpkgs",
        "rev": "d55bba14daa28dc4df9014a1f2774cab998b82a4",
        "type": "github"
      },
      "original": {
        "owner": "NixOS",
        "ref": "master",
        "repo": "nixpkgs",
        "type": "github"
      }
    },
    "nixpkgs-unstable": {
      "locked": {
        "lastModified": 1627391865,
        "narHash": "sha256-tPoWBO9Nzu3wuX37WcnctzL6LoDCErJLnfLGqqmXCm4=",
        "owner": "NixOS",
        "repo": "nixpkgs",
        "rev": "8ecc61c91a596df7d3293603a9c2384190c1b89a",
        "type": "github"
      },
      "original": {
        "owner": "NixOS",
        "ref": "nixos-unstable",
        "repo": "nixpkgs",
        "type": "github"
      }
    },
    "nixpkgs_2": {
      "locked": {
        "lastModified": 1627528535,
        "narHash": "sha256-+E0LxCLav1GmbQbqwCKP39DRMn6NeEq00drC8udnYIY=",
        "owner": "NixOS",
        "repo": "nixpkgs",
        "rev": "2262d7863a6af007274a698367484bf4903a3299",
        "type": "github"
      },
      "original": {
        "owner": "NixOS",
        "ref": "nixos-21.05",
        "repo": "nixpkgs",
        "type": "github"
      }
    },
    "root": {
      "inputs": {
        "deploy-rs": "deploy-rs",
        "easy-hls-nix": "easy-hls-nix",
        "emacs": "emacs",
        "emacs-overlay": "emacs-overlay",
        "fenix": "fenix",
        "home-manager": "home-manager",
        "nixng": "nixng",
        "nixpkgs": "nixpkgs_2",
        "nixpkgs-master": "nixpkgs-master",
        "nixpkgs-unstable": "nixpkgs-unstable",
        "vtermModule": "vtermModule",
        "yusdacra-dotfiles": "yusdacra-dotfiles"
      }
    },
    "rust-analyzer-src": {
      "flake": false,
      "locked": {
        "lastModified": 1627663876,
        "narHash": "sha256-pN12lFY53Bh5iYwJl2zZXxRCEcVAaoa699SmSbodlwc=",
        "owner": "rust-analyzer",
        "repo": "rust-analyzer",
        "rev": "14f00adcb14950bbae7e8578e466428c31d882f1",
        "type": "github"
      },
      "original": {
        "owner": "rust-analyzer",
        "ref": "nightly",
        "repo": "rust-analyzer",
        "type": "github"
      }
    },
    "utils": {
      "locked": {
        "lastModified": 1622445595,
        "narHash": "sha256-m+JRe6Wc5OZ/mKw2bB3+Tl0ZbtyxxxfnAWln8Q5qs+Y=",
        "owner": "numtide",
        "repo": "flake-utils",
        "rev": "7d706970d94bc5559077eb1a6600afddcd25a7c8",
        "type": "github"
      },
      "original": {
        "owner": "numtide",
        "repo": "flake-utils",
        "type": "github"
      }
    },
    "vtermModule": {
      "flake": false,
      "locked": {
        "lastModified": 1624044124,
        "narHash": "sha256-yTTt/UHzULQpe33Qxvs4ym3H3Q1hFf3myClWcPgy0x4=",
        "ref": "master",
        "rev": "d9dfa624679afdd5db6ad25429ef86d3dd91401e",
        "revCount": 616,
        "type": "git",
        "url": "https://github.com/akermu/emacs-libvterm"
      },
      "original": {
        "type": "git",
        "url": "https://github.com/akermu/emacs-libvterm"
      }
    },
    "yusdacra-dotfiles": {
      "flake": false,
      "locked": {
        "lastModified": 1627325756,
        "narHash": "sha256-gfq5xeVVutbfEUGk9Vynludzk8Vc2w1I4fFeWbPdPl8=",
        "owner": "yusdacra",
        "repo": "nixos-config",
        "rev": "62ea74ba6b5576231056135a0cf505539786af35",
        "type": "github"
      },
      "original": {
        "owner": "yusdacra",
        "repo": "nixos-config",
        "type": "github"
      }
    }
  },
  "root": "root",
  "version": 7
}
