{
  "nodes": {
    "emacs": {
      "flake": false,
      "locked": {
        "lastModified": 1609795929,
        "narHash": "sha256-yIu/guiRIQ8VV5T8RUAN+6yqu46Djc3ylHaezs5fKFQ=",
        "ref": "feature/native-comp",
        "rev": "8ad983c4acef60a80e8d6b6ba891b1ef957f2d7c",
        "revCount": 146003,
        "type": "git",
        "url": "https://git.savannah.gnu.org/git/emacs.git"
      },
      "original": {
        "ref": "feature/native-comp",
        "type": "git",
        "url": "https://git.savannah.gnu.org/git/emacs.git"
      }
    },
    "emacs-overlay": {
      "locked": {
        "lastModified": 1609856476,
        "narHash": "sha256-2h4C2y87q5oRshN1nIWF25TsKXyBZCHyn3xwbfwJL0M=",
        "ref": "master",
        "rev": "c33ab9d74d20493ae1a77ab8c7eedfd143ffa82c",
        "revCount": 4438,
        "type": "git",
        "url": "https://github.com/nix-community/emacs-overlay"
      },
      "original": {
        "type": "git",
        "url": "https://github.com/nix-community/emacs-overlay"
      }
    },
    "nixpkgs": {
      "locked": {
        "lastModified": 1609867866,
        "narHash": "sha256-ITciATW51g/VqL4CTCh74Cu/wqIztkoJNZJxqj2vEMs=",
        "path": "/nix/store/gz0m2hylws210m0nr3ih8b8pvnikwi6f-source",
        "rev": "4a75ca4a4e7d14e7b0b0230b3ea57b5bd7c16218",
        "type": "path"
      },
      "original": {
        "id": "nixpkgs",
        "type": "indirect"
      }
    },
    "nixpkgs-unstable": {
      "locked": {
        "lastModified": 1609866355,
        "narHash": "sha256-TMzb8nMePC4OusDde+xv8AIgbNYuFku/dlLkPO/hifM=",
        "path": "/nix/store/9kfzklpzv0bh5v7xidriwy7pq07drza8-source",
        "rev": "d9dba88d08a9cdf483c3d45f0d7220cf97a4ce64",
        "type": "path"
      },
      "original": {
        "id": "nixpkgs-unstable",
        "type": "indirect"
      }
    },
    "root": {
      "inputs": {
        "emacs": "emacs",
        "emacs-overlay": "emacs-overlay",
        "nixpkgs": "nixpkgs",
        "nixpkgs-unstable": "nixpkgs-unstable",
        "vtermModule": "vtermModule"
      }
    },
    "vtermModule": {
      "flake": false,
      "locked": {
        "lastModified": 1609818547,
        "narHash": "sha256-P5Z6oFjLoZnxnRglEt7ORjFtfy8mZ8drX6GNve87Knc=",
        "ref": "master",
        "rev": "6f95a1b2949f60539fd92e3a63011801a7e765fd",
        "revCount": 575,
        "type": "git",
        "url": "https://github.com/akermu/emacs-libvterm"
      },
      "original": {
        "type": "git",
        "url": "https://github.com/akermu/emacs-libvterm"
      }
    }
  },
  "root": "root",
  "version": 7
}
