{
  "nodes": {
    "klippy": {
      "flake": false,
      "locked": {
        "lastModified": 1609168797,
        "narHash": "sha256-1ojKClZTqa0amwUWz1z9GFuEaXtuw7xu0JEgF2N1UQ8=",
        "owner": "KevinOConnor",
        "repo": "klipper",
        "rev": "e68cf08d15a985ecce7497b58408ee233dd54eb9",
        "type": "github"
      },
      "original": {
        "owner": "KevinOConnor",
        "repo": "klipper",
        "rev": "e68cf08d15a985ecce7497b58408ee233dd54eb9",
        "type": "github"
      }
    },
    "nixpkgs": {
      "locked": {
        "lastModified": 1609187327,
        "narHash": "sha256-6lCwWpGpZxbSYclryv4ixsxxbISe7HuLyyQnGWCC8ZQ=",
        "path": "/nix/store/dcmj4p477fgzxz33rxss9wnmslnsahgx-source",
        "rev": "e065200fc90175a8f6e50e76ef10a48786126e1c",
        "type": "path"
      },
      "original": {
        "id": "nixpkgs",
        "type": "indirect"
      }
    },
    "root": {
      "inputs": {
        "klippy": "klippy",
        "nixpkgs": "nixpkgs"
      }
    }
  },
  "root": "root",
  "version": 7
}
