{
  "nodes": {
    "klippy": {
      "flake": false,
      "locked": {
        "lastModified": 1609168797,
        "narHash": "sha256-1ojKClZTqa0amwUWz1z9GFuEaXtuw7xu0JEgF2N1UQ8=",
        "owner": "KevinOConnor",
        "repo": "klipper",
        "rev": "e68cf08d15a985ecce7497b58408ee233dd54eb9",
        "type": "github"
      },
      "original": {
        "owner": "KevinOConnor",
        "repo": "klipper",
        "rev": "e68cf08d15a985ecce7497b58408ee233dd54eb9",
        "type": "github"
      }
    },
    "nixpkgs": {
      "locked": {
        "lastModified": 1609867866,
        "narHash": "sha256-ITciATW51g/VqL4CTCh74Cu/wqIztkoJNZJxqj2vEMs=",
        "path": "/nix/store/gz0m2hylws210m0nr3ih8b8pvnikwi6f-source",
        "rev": "4a75ca4a4e7d14e7b0b0230b3ea57b5bd7c16218",
        "type": "path"
      },
      "original": {
        "id": "nixpkgs",
        "type": "indirect"
      }
    },
    "root": {
      "inputs": {
        "klippy": "klippy",
        "nixpkgs": "nixpkgs"
      }
    }
  },
  "root": "root",
  "version": 7
}
