{
  "nodes": {
    "moonraker": {
      "flake": false,
      "locked": {
        "lastModified": 1609164221,
        "narHash": "sha256-+k4bFTGWvJ+un8R9dRhjtDt4dVvHfu2/gSp5iEuoX/w=",
        "owner": "MagicRB",
        "repo": "moonraker",
        "rev": "e63f104695278231c3961b12bc5f5e13f5eeea62",
        "type": "github"
      },
      "original": {
        "owner": "MagicRB",
        "ref": "master",
        "repo": "moonraker",
        "type": "github"
      }
    },
    "nixpkgs": {
      "locked": {
        "lastModified": 1608802800,
        "narHash": "sha256-QCpx3LHzunHj+PIXt1sSGfTiM+yxWO7YPfLgo6Lh7Nc=",
        "path": "/nix/store/mkzal1xfc975xgdggika37r46xpmgapn-source",
        "rev": "ca119749d86f484066fae7680af8a44ea1f11ca8",
        "type": "path"
      },
      "original": {
        "id": "nixpkgs",
        "type": "indirect"
      }
    },
    "root": {
      "inputs": {
        "moonraker": "moonraker",
        "nixpkgs": "nixpkgs"
      }
    }
  },
  "root": "root",
  "version": 7
}
