{
  "nodes": {
    "moonraker": {
      "flake": false,
      "locked": {
        "lastModified": 1609164221,
        "narHash": "sha256-+k4bFTGWvJ+un8R9dRhjtDt4dVvHfu2/gSp5iEuoX/w=",
        "owner": "MagicRB",
        "repo": "moonraker",
        "rev": "e63f104695278231c3961b12bc5f5e13f5eeea62",
        "type": "github"
      },
      "original": {
        "owner": "MagicRB",
        "ref": "master",
        "repo": "moonraker",
        "type": "github"
      }
    },
    "nixpkgs": {
      "locked": {
        "lastModified": 1609867866,
        "narHash": "sha256-ITciATW51g/VqL4CTCh74Cu/wqIztkoJNZJxqj2vEMs=",
        "path": "/nix/store/gz0m2hylws210m0nr3ih8b8pvnikwi6f-source",
        "rev": "4a75ca4a4e7d14e7b0b0230b3ea57b5bd7c16218",
        "type": "path"
      },
      "original": {
        "id": "nixpkgs",
        "type": "indirect"
      }
    },
    "root": {
      "inputs": {
        "moonraker": "moonraker",
        "nixpkgs": "nixpkgs"
      }
    }
  },
  "root": "root",
  "version": 7
}
