{
  "nodes": {
    "mainsail": {
      "flake": false,
      "locked": {
        "lastModified": 1609196389,
        "narHash": "sha256-wGvziRy2oLmRylvFndy7UbScCYAxJmyU6L4J73fZyLk=",
        "owner": "meteyou",
        "repo": "mainsail",
        "rev": "9152934f9daa275e73b40c5f8d2ada3984c3c416",
        "type": "github"
      },
      "original": {
        "owner": "meteyou",
        "ref": "master",
        "repo": "mainsail",
        "type": "github"
      }
    },
    "nixpkgs": {
      "locked": {
        "lastModified": 1608802800,
        "narHash": "sha256-QCpx3LHzunHj+PIXt1sSGfTiM+yxWO7YPfLgo6Lh7Nc=",
        "path": "/nix/store/mkzal1xfc975xgdggika37r46xpmgapn-source",
        "rev": "ca119749d86f484066fae7680af8a44ea1f11ca8",
        "type": "path"
      },
      "original": {
        "id": "nixpkgs",
        "type": "indirect"
      }
    },
    "root": {
      "inputs": {
        "mainsail": "mainsail",
        "nixpkgs": "nixpkgs"
      }
    }
  },
  "root": "root",
  "version": 7
}
