{
  "nodes": {
    "csi-driver-nfs": {
      "flake": false,
      "locked": {
        "lastModified": 1610374369,
        "narHash": "sha256-+CoyhWufws6zEtFU2uJA4NamSCUGVmoMOA91kormXCo=",
        "owner": "MagicRB",
        "repo": "csi-driver-nfs",
        "rev": "560a4ebc1587dd4d447b8be2dee36db4d67fabbc",
        "type": "github"
      },
      "original": {
        "owner": "MagicRB",
        "repo": "csi-driver-nfs",
        "type": "github"
      }
    },
    "emacs": {
      "flake": false,
      "locked": {
        "lastModified": 1612046248,
        "narHash": "sha256-FVTgwuzqjE2yhAUnFtDyln2EKMm+4QDbgF3fP1nQDSA=",
        "owner": "flatwhatson",
        "repo": "emacs",
        "rev": "a68d99009604bd38f880086bea49e00008b70f8a",
        "type": "github"
      },
      "original": {
        "owner": "flatwhatson",
        "ref": "pgtk-nativecomp",
        "repo": "emacs",
        "type": "github"
      }
    },
    "emacs-overlay": {
      "locked": {
        "lastModified": 1612153279,
        "narHash": "sha256-QIkLyd8GjpPGaRVCofI2GcADdbIA5zmL+JUZux57bdY=",
        "ref": "master",
        "rev": "266b7793ee59f461e2ff9245fcc48dfcd02e43f4",
        "revCount": 4618,
        "type": "git",
        "url": "https://github.com/nix-community/emacs-overlay"
      },
      "original": {
        "type": "git",
        "url": "https://github.com/nix-community/emacs-overlay"
      }
    },
    "flake-utils": {
      "locked": {
        "lastModified": 1609246779,
        "narHash": "sha256-eq6ZXE/VWo3EMC65jmIT6H/rrUc9UWOWVujkzav025k=",
        "owner": "numtide",
        "repo": "flake-utils",
        "rev": "08c7ad4a0844adc4a7f9f5bb3beae482e789afa4",
        "type": "github"
      },
      "original": {
        "owner": "numtide",
        "repo": "flake-utils",
        "type": "github"
      }
    },
    "home-manager": {
      "inputs": {
        "nixpkgs": [
          "nixpkgs"
        ]
      },
      "locked": {
        "lastModified": 1611323638,
        "narHash": "sha256-+7wm2RH82NYTZjzl0Nw+8E4yyXqVp/6xPdPWHAQXlt8=",
        "owner": "nix-community",
        "repo": "home-manager",
        "rev": "91bd34620d73340be03642279ee0d1c64110ee6c",
        "type": "github"
      },
      "original": {
        "owner": "nix-community",
        "ref": "release-20.09",
        "repo": "home-manager",
        "type": "github"
      }
    },
    "klippy": {
      "flake": false,
      "locked": {
        "lastModified": 1609168797,
        "narHash": "sha256-1ojKClZTqa0amwUWz1z9GFuEaXtuw7xu0JEgF2N1UQ8=",
        "owner": "KevinOConnor",
        "repo": "klipper",
        "rev": "e68cf08d15a985ecce7497b58408ee233dd54eb9",
        "type": "github"
      },
      "original": {
        "owner": "KevinOConnor",
        "repo": "klipper",
        "rev": "e68cf08d15a985ecce7497b58408ee233dd54eb9",
        "type": "github"
      }
    },
    "moonraker": {
      "flake": false,
      "locked": {
        "lastModified": 1609164221,
        "narHash": "sha256-+k4bFTGWvJ+un8R9dRhjtDt4dVvHfu2/gSp5iEuoX/w=",
        "owner": "MagicRB",
        "repo": "moonraker",
        "rev": "e63f104695278231c3961b12bc5f5e13f5eeea62",
        "type": "github"
      },
      "original": {
        "owner": "MagicRB",
        "ref": "master",
        "repo": "moonraker",
        "type": "github"
      }
    },
    "nixpkgs": {
      "locked": {
        "lastModified": 1612060807,
        "narHash": "sha256-ht+Dr/lo+8hjsxXbRZPjs8JrTNxaHxq94RKwZxUImUM=",
        "owner": "NixOS",
        "repo": "nixpkgs",
        "rev": "f18fbc33930d7569cfedb8acd75177d0ff7c8678",
        "type": "github"
      },
      "original": {
        "owner": "NixOS",
        "ref": "nixos-20.09",
        "repo": "nixpkgs",
        "type": "github"
      }
    },
    "nixpkgs-master": {
      "locked": {
        "lastModified": 1612168508,
        "narHash": "sha256-VqsgG6GGN6GGGnIHkjyeM+NqwE3TJWQspl2Dm/K8jmY=",
        "owner": "NixOS",
        "repo": "nixpkgs",
        "rev": "4695a7ca51250d52aba5857fb0748c81fbdce526",
        "type": "github"
      },
      "original": {
        "owner": "NixOS",
        "ref": "master",
        "repo": "nixpkgs",
        "type": "github"
      }
    },
    "nixpkgs-unstable": {
      "locked": {
        "lastModified": 1611575689,
        "narHash": "sha256-z2rNP3zdVnGxp9iV2Rbn0/LLKhk47DZQKxDkpYFLI7M=",
        "owner": "NixOS",
        "repo": "nixpkgs",
        "rev": "891f607d5301d6730cb1f9dcf3618bcb1ab7f10e",
        "type": "github"
      },
      "original": {
        "owner": "NixOS",
        "ref": "nixos-unstable",
        "repo": "nixpkgs",
        "type": "github"
      }
    },
    "ra-systems": {
      "inputs": {
        "csi-driver-nfs": "csi-driver-nfs",
        "klippy": "klippy",
        "moonraker": "moonraker",
        "nixpkgs": [
          "nixpkgs"
        ]
      },
      "locked": {
        "lastModified": 1611663049,
        "narHash": "sha256-qjxWkzevj6KALyjnHxrzihDFIuCrDCqo8X41OSnziOg=",
        "ref": "master",
        "rev": "7b3ab825e3cf1529ac7c05ddbc4d5848161e07eb",
        "revCount": 12,
        "type": "git",
        "url": "https://gitea.redalder.org/RedAlder/systems"
      },
      "original": {
        "type": "git",
        "url": "https://gitea.redalder.org/RedAlder/systems"
      }
    },
    "root": {
      "inputs": {
        "emacs": "emacs",
        "emacs-overlay": "emacs-overlay",
        "home-manager": "home-manager",
        "nixpkgs": "nixpkgs",
        "nixpkgs-master": "nixpkgs-master",
        "nixpkgs-unstable": "nixpkgs-unstable",
        "ra-systems": "ra-systems",
        "rust-overlay": "rust-overlay",
        "sss-cli": "sss-cli",
        "vtermModule": "vtermModule"
      }
    },
    "rust-overlay": {
      "inputs": {
        "flake-utils": "flake-utils",
        "nixpkgs": [
          "nixpkgs"
        ]
      },
      "locked": {
        "lastModified": 1612147138,
        "narHash": "sha256-MPboMbRzyGZtM745ov0i75vMKsVnXGf8RPvjmb5edP8=",
        "owner": "oxalica",
        "repo": "rust-overlay",
        "rev": "5d630d7043bbbc0688459fe0c09f3f8d7f500740",
        "type": "github"
      },
      "original": {
        "owner": "oxalica",
        "repo": "rust-overlay",
        "type": "github"
      }
    },
    "sss-cli": {
      "flake": false,
      "locked": {
        "lastModified": 1588066586,
        "narHash": "sha256-fOQoEcrLOzsJ+x0qD25kv+JUxT7d/wsLKoDIm1KXDuE=",
        "owner": "dsprenkels",
        "repo": "sss-cli",
        "rev": "cfca1abb155a11f1b273b9a0ca4dc3b17882f3a0",
        "type": "github"
      },
      "original": {
        "owner": "dsprenkels",
        "repo": "sss-cli",
        "type": "github"
      }
    },
    "vtermModule": {
      "flake": false,
      "locked": {
        "lastModified": 1612054876,
        "narHash": "sha256-G0FxY+98y+nn5PA7pwJblKM+WL3bF2a07BiBlzrh7cc=",
        "ref": "master",
        "rev": "fb12d7f49e2da121d9b17ed583d269166e0da087",
        "revCount": 586,
        "type": "git",
        "url": "https://github.com/akermu/emacs-libvterm"
      },
      "original": {
        "type": "git",
        "url": "https://github.com/akermu/emacs-libvterm"
      }
    }
  },
  "root": "root",
  "version": 7
}
