{
  "nodes": {
    "nixpkgs": {
      "locked": {
        "lastModified": 1609187327,
        "narHash": "sha256-6lCwWpGpZxbSYclryv4ixsxxbISe7HuLyyQnGWCC8ZQ=",
        "owner": "NixOS",
        "repo": "nixpkgs",
        "rev": "e065200fc90175a8f6e50e76ef10a48786126e1c",
        "type": "github"
      },
      "original": {
        "owner": "NixOS",
        "ref": "nixos-20.09",
        "repo": "nixpkgs",
        "type": "github"
      }
    },
    "nixpkgs-master": {
      "locked": {
        "lastModified": 1609424419,
        "narHash": "sha256-OUOHkAZZWWK0rdMm28YDSxWQGpkyt9rXSbZz7UMPIIo=",
        "owner": "NixOS",
        "repo": "nixpkgs",
        "rev": "506f112d8edb4ac5174871330c823f8955a73dc9",
        "type": "github"
      },
      "original": {
        "owner": "NixOS",
        "ref": "master",
        "repo": "nixpkgs",
        "type": "github"
      }
    },
    "nixpkgs-unstable": {
      "locked": {
        "lastModified": 1609254719,
        "narHash": "sha256-XB3391z8r81Bt8NfQzB+tYdTWoraY0QVdXM21JhfW+Y=",
        "owner": "NixOS",
        "repo": "nixpkgs",
        "rev": "733e537a8ad76fd355b6f501127f7d0eb8861775",
        "type": "github"
      },
      "original": {
        "owner": "NixOS",
        "ref": "nixos-unstable",
        "repo": "nixpkgs",
        "type": "github"
      }
    },
    "root": {
      "inputs": {
        "nixpkgs": "nixpkgs",
        "nixpkgs-master": "nixpkgs-master",
        "nixpkgs-unstable": "nixpkgs-unstable"
      }
    }
  },
  "root": "root",
  "version": 7
}
