{
  "nodes": {
    "home-manager": {
      "inputs": {
        "nixpkgs": [
          "nixpkgs"
        ]
      },
      "locked": {
        "lastModified": 1608978151,
        "narHash": "sha256-4Fq3wKGhzP7Z5LQfZ2kCM1fRT7NNUMP5wsVJ7DhLFmE=",
        "owner": "nix-community",
        "repo": "home-manager",
        "rev": "b183e7f77ec85b8e913eb90cb4fa604811e7d029",
        "type": "github"
      },
      "original": {
        "owner": "nix-community",
        "ref": "release-20.09",
        "repo": "home-manager",
        "type": "github"
      }
    },
    "nixpkgs": {
      "locked": {
        "lastModified": 1609187327,
        "narHash": "sha256-6lCwWpGpZxbSYclryv4ixsxxbISe7HuLyyQnGWCC8ZQ=",
        "path": "/nix/store/dcmj4p477fgzxz33rxss9wnmslnsahgx-source",
        "rev": "e065200fc90175a8f6e50e76ef10a48786126e1c",
        "type": "path"
      },
      "original": {
        "id": "nixpkgs",
        "type": "indirect"
      }
    },
    "nixpkgs-master": {
      "locked": {
        "lastModified": 1609262190,
        "narHash": "sha256-+2hW2L0XwPc7r4BY3S7nAzeFWgp26J+Fjl0uru54YCA=",
        "path": "/nix/store/7xdf9d9xfh0r70y210nqz0bg0f4p79wy-source",
        "rev": "339fccbe0c4edc72862f3228b5087d9afd01d3ac",
        "type": "path"
      },
      "original": {
        "id": "nixpkgs-master",
        "type": "indirect"
      }
    },
    "nixpkgs-unstable": {
      "locked": {
        "lastModified": 1609079092,
        "narHash": "sha256-KhyKfxBHtZlAgudpZ0EJVzeuqROjKfVOwj8j0cuhU50=",
        "path": "/nix/store/5pmay8rdvgw5ml1xi6189xhdbygc850k-source",
        "rev": "2f47650c2f28d87f86ab807b8a339c684d91ec56",
        "type": "path"
      },
      "original": {
        "id": "nixpkgs-unstable",
        "type": "indirect"
      }
    },
    "root": {
      "inputs": {
        "home-manager": "home-manager",
        "nixpkgs": "nixpkgs",
        "nixpkgs-master": "nixpkgs-master",
        "nixpkgs-unstable": "nixpkgs-unstable"
      }
    }
  },
  "root": "root",
  "version": 7
}
