{
  "nodes": {
    "emacs": {
      "flake": false,
      "locked": {
        "lastModified": 1610800324,
        "narHash": "sha256-7x6DOfKLqdHdJqvfHLvBBVcsXi4tRxQQdRBCLfl68a8=",
        "ref": "feature/native-comp",
        "rev": "88100bed0af530f04cf56acca9f9d1bb12b45771",
        "revCount": 146217,
        "type": "git",
        "url": "https://git.savannah.gnu.org/git/emacs.git"
      },
      "original": {
        "ref": "feature/native-comp",
        "type": "git",
        "url": "https://git.savannah.gnu.org/git/emacs.git"
      }
    },
    "emacs-overlay": {
      "locked": {
        "lastModified": 1610828789,
        "narHash": "sha256-Spr2pPqo3XM+tdvBOWLUrmBsn83epogTQEHtgBcHLb0=",
        "ref": "master",
        "rev": "49259bf1c3335c0f891106aa2df6539d1cb96437",
        "revCount": 4542,
        "type": "git",
        "url": "https://github.com/nix-community/emacs-overlay"
      },
      "original": {
        "type": "git",
        "url": "https://github.com/nix-community/emacs-overlay"
      }
    },
    "home-manager": {
      "inputs": {
        "nixpkgs": "nixpkgs"
      },
      "locked": {
        "lastModified": 1609010567,
        "narHash": "sha256-N6WslRAtrvCPCpQnxQqo+VlSivX/KylL9Xy/OZr0kMg=",
        "owner": "nix-community",
        "repo": "home-manager",
        "rev": "22f6736e628958f05222ddaadd7df7818fe8f59d",
        "type": "github"
      },
      "original": {
        "owner": "nix-community",
        "ref": "release-20.09",
        "repo": "home-manager",
        "type": "github"
      }
    },
    "nixpkgs": {
      "locked": {
        "lastModified": 1609867866,
        "narHash": "sha256-ITciATW51g/VqL4CTCh74Cu/wqIztkoJNZJxqj2vEMs=",
        "path": "/nix/store/gz0m2hylws210m0nr3ih8b8pvnikwi6f-source",
        "rev": "4a75ca4a4e7d14e7b0b0230b3ea57b5bd7c16218",
        "type": "path"
      },
      "original": {
        "id": "nixpkgs",
        "type": "indirect"
      }
    },
    "nixpkgs-master": {
      "locked": {
        "lastModified": 1610062394,
        "narHash": "sha256-0ntFTZonPiGr+w+kA/pp9cMxBCkkf1teuPt1KxygcfM=",
        "path": "/nix/store/rhn9fj227k4d5ac5013lw5gkc8xlnwax-source",
        "rev": "9414948a5a19463acce5a7f2b2206c39ecb6359f",
        "type": "path"
      },
      "original": {
        "id": "nixpkgs-master",
        "type": "indirect"
      }
    },
    "nixpkgs-unstable": {
      "locked": {
        "lastModified": 1609866355,
        "narHash": "sha256-TMzb8nMePC4OusDde+xv8AIgbNYuFku/dlLkPO/hifM=",
        "path": "/nix/store/9kfzklpzv0bh5v7xidriwy7pq07drza8-source",
        "rev": "d9dba88d08a9cdf483c3d45f0d7220cf97a4ce64",
        "type": "path"
      },
      "original": {
        "id": "nixpkgs-unstable",
        "type": "indirect"
      }
    },
    "nixpkgs_2": {
      "locked": {
        "lastModified": 1609867866,
        "narHash": "sha256-ITciATW51g/VqL4CTCh74Cu/wqIztkoJNZJxqj2vEMs=",
        "path": "/nix/store/gz0m2hylws210m0nr3ih8b8pvnikwi6f-source",
        "rev": "4a75ca4a4e7d14e7b0b0230b3ea57b5bd7c16218",
        "type": "path"
      },
      "original": {
        "id": "nixpkgs",
        "type": "indirect"
      }
    },
    "root": {
      "inputs": {
        "emacs": "emacs",
        "emacs-overlay": "emacs-overlay",
        "home-manager": "home-manager",
        "nixpkgs": "nixpkgs_2",
        "nixpkgs-master": "nixpkgs-master",
        "nixpkgs-unstable": "nixpkgs-unstable",
        "sss-cli": "sss-cli",
        "vtermModule": "vtermModule"
      }
    },
    "sss-cli": {
      "flake": false,
      "locked": {
        "lastModified": 1588066586,
        "narHash": "sha256-fOQoEcrLOzsJ+x0qD25kv+JUxT7d/wsLKoDIm1KXDuE=",
        "owner": "dsprenkels",
        "repo": "sss-cli",
        "rev": "cfca1abb155a11f1b273b9a0ca4dc3b17882f3a0",
        "type": "github"
      },
      "original": {
        "owner": "dsprenkels",
        "repo": "sss-cli",
        "type": "github"
      }
    },
    "vtermModule": {
      "flake": false,
      "locked": {
        "lastModified": 1610342571,
        "narHash": "sha256-J8SzkUs3V0Qzwquoz3UvzS01OJP+zd5mwk+xkMaj2g4=",
        "ref": "master",
        "rev": "9d2ef5e535e79781a0c1d2523f82d096eb48765f",
        "revCount": 578,
        "type": "git",
        "url": "https://github.com/akermu/emacs-libvterm"
      },
      "original": {
        "type": "git",
        "url": "https://github.com/akermu/emacs-libvterm"
      }
    }
  },
  "root": "root",
  "version": 7
}
