{
  "nodes": {
    "emacs": {
      "flake": false,
      "locked": {
        "lastModified": 1607355781,
        "narHash": "sha256-ysOH3vbNHLahVHkn0V4XR3XOryoauyeoRuq2gn61YpE=",
        "ref": "feature/native-comp",
        "rev": "be907b0ba82c2a65e0468d50653cae8a7cf5f16b",
        "revCount": 145363,
        "type": "git",
        "url": "https://git.savannah.gnu.org/git/emacs.git"
      },
      "original": {
        "ref": "feature/native-comp",
        "type": "git",
        "url": "https://git.savannah.gnu.org/git/emacs.git"
      }
    },
    "emacs-overlay": {
      "locked": {
        "lastModified": 1607502287,
        "narHash": "sha256-HBthY4A+reSbIppxlwLK/prLUR0UBzmY4HXBjiUZpuI=",
        "ref": "master",
        "rev": "45cb40f4c573a4805f5e32a3ea7359167dc30b53",
        "revCount": 4265,
        "type": "git",
        "url": "https://github.com/nix-community/emacs-overlay"
      },
      "original": {
        "type": "git",
        "url": "https://github.com/nix-community/emacs-overlay"
      }
    },
    "nixpkgs": {
      "locked": {
        "lastModified": 1607474171,
        "narHash": "sha256-hAHjWGeSVN/wG8zb3JOKLuXk/6ynU5a0AkJrDPfOgdw=",
        "owner": "NixOS",
        "repo": "nixpkgs",
        "rev": "4e5fc1ed865139d585ecb92e5091e736cdae3a4e",
        "type": "github"
      },
      "original": {
        "id": "nixpkgs",
        "type": "indirect"
      }
    },
    "root": {
      "inputs": {
        "emacs": "emacs",
        "emacs-overlay": "emacs-overlay",
        "nixpkgs": "nixpkgs",
        "vtermModule": "vtermModule"
      }
    },
    "vtermModule": {
      "flake": false,
      "locked": {
        "lastModified": 1607220306,
        "narHash": "sha256-FprftlQvxx0pCk+OCuDl/S7Yeqia1HShFPSvKTMjRGg=",
        "ref": "master",
        "rev": "a670b786539d3c8865d8f68fe0c67a2d4afbf1aa",
        "revCount": 571,
        "type": "git",
        "url": "https://github.com/akermu/emacs-libvterm"
      },
      "original": {
        "type": "git",
        "url": "https://github.com/akermu/emacs-libvterm"
      }
    }
  },
  "root": "root",
  "version": 7
}
