{
  "nodes": {
    "emacs": {
      "flake": false,
      "locked": {
        "lastModified": 1608749398,
        "narHash": "sha256-mEsBoTY4vu4BaLKug7FeptetnndDGIfqovvQ7klFRME=",
        "ref": "feature/native-comp",
        "rev": "b99a4744822a11e4af098b63db18f54a4e323d58",
        "revCount": 145769,
        "type": "git",
        "url": "https://git.savannah.gnu.org/git/emacs.git"
      },
      "original": {
        "ref": "feature/native-comp",
        "type": "git",
        "url": "https://git.savannah.gnu.org/git/emacs.git"
      }
    },
    "emacs-overlay": {
      "locked": {
        "lastModified": 1608754820,
        "narHash": "sha256-Zgsn6sdICFrwfNdy9jkur8XDHZ6nSmc+9rgXRBkA+ik=",
        "ref": "master",
        "rev": "2585a0d0357f23fca934adb759d78c78ed073484",
        "revCount": 4369,
        "type": "git",
        "url": "https://github.com/nix-community/emacs-overlay"
      },
      "original": {
        "type": "git",
        "url": "https://github.com/nix-community/emacs-overlay"
      }
    },
    "nixpkgs": {
      "locked": {
        "lastModified": 1608763692,
        "narHash": "sha256-TLwIyNZcVn/wOHd77xjbogxrDx+xOSbl6V7AP7wZMrI=",
        "owner": "NixOS",
        "repo": "nixpkgs",
        "rev": "1d364e5138acf29127539657159e6cf16f47c1ca",
        "type": "github"
      },
      "original": {
        "id": "nixpkgs",
        "type": "indirect"
      }
    },
    "root": {
      "inputs": {
        "emacs": "emacs",
        "emacs-overlay": "emacs-overlay",
        "nixpkgs": "nixpkgs",
        "vtermModule": "vtermModule"
      }
    },
    "vtermModule": {
      "flake": false,
      "locked": {
        "lastModified": 1607220306,
        "narHash": "sha256-FprftlQvxx0pCk+OCuDl/S7Yeqia1HShFPSvKTMjRGg=",
        "ref": "master",
        "rev": "a670b786539d3c8865d8f68fe0c67a2d4afbf1aa",
        "revCount": 571,
        "type": "git",
        "url": "https://github.com/akermu/emacs-libvterm"
      },
      "original": {
        "type": "git",
        "url": "https://github.com/akermu/emacs-libvterm"
      }
    }
  },
  "root": "root",
  "version": 7
}
