{
  "nodes": {
    "atom": {
      "flake": false,
      "locked": {
        "lastModified": 1610115751,
        "narHash": "sha256-02l+N0hCsxUX1X/BvmvD+2WAv6E2ZfOOshtUjl4lQzw=",
        "owner": "adam-mcdaniel",
        "repo": "atom",
        "rev": "c66f0f97a5d9a1cd2dfe9019475da98d49c9e406",
        "type": "github"
      },
      "original": {
        "owner": "adam-mcdaniel",
        "repo": "atom",
        "type": "github"
      }
    },
    "nixpkgs": {
      "locked": {
        "lastModified": 1609867866,
        "narHash": "sha256-ITciATW51g/VqL4CTCh74Cu/wqIztkoJNZJxqj2vEMs=",
        "path": "/nix/store/gz0m2hylws210m0nr3ih8b8pvnikwi6f-source",
        "rev": "4a75ca4a4e7d14e7b0b0230b3ea57b5bd7c16218",
        "type": "path"
      },
      "original": {
        "id": "nixpkgs",
        "type": "indirect"
      }
    },
    "nixpkgs-mozilla": {
      "flake": false,
      "locked": {
        "lastModified": 1603906276,
        "narHash": "sha256-RsNPnEKd7BcogwkqhaV5kI/HuNC4flH/OQCC/4W5y/8=",
        "owner": "mozilla",
        "repo": "nixpkgs-mozilla",
        "rev": "8c007b60731c07dd7a052cce508de3bb1ae849b4",
        "type": "github"
      },
      "original": {
        "owner": "mozilla",
        "repo": "nixpkgs-mozilla",
        "type": "github"
      }
    },
    "root": {
      "inputs": {
        "atom": "atom",
        "nixpkgs": "nixpkgs",
        "nixpkgs-mozilla": "nixpkgs-mozilla"
      }
    }
  },
  "root": "root",
  "version": 7
}
